
Microsoft Visual Studio Solution File, Format Version 12.00
# Visual Studio Version 16
VisualStudioVersion = 16.0.31729.503
MinimumVisualStudioVersion = 10.0.40219.1
Project("{8BC9CEB8-8B4A-11D0-8D11-00A0C91BC942}") = "ConsoleAppTests", "ConsoleAppTests\ConsoleAppTests.vcxproj", "{CD6CDF0F-59AD-459B-86F6-7B93B70374F5}"
	ProjectSection(ProjectDependencies) = postProject
		{99ACD13F-CD4A-42BC-9DF6-4B28C4BA951C} = {99ACD13F-CD4A-42BC-9DF6-4B28C4BA951C}
	EndProjectSection
EndProject
Project("{8BC9CEB8-8B4A-11D0-8D11-00A0C91BC942}") = "ConsoleApp", "ConsoleApp\ConsoleApp.vcxproj", "{99ACD13F-CD4A-42BC-9DF6-4B28C4BA951C}"
EndProject
Global
	GlobalSection(SolutionConfigurationPlatforms) = preSolution
		Debug|x64 = Debug|x64
		Debug|x86 = Debug|x86
		Release|x64 = Release|x64
		Release|x86 = Release|x86
	EndGlobalSection
	GlobalSection(ProjectConfigurationPlatforms) = postSolution
		{CD6CDF0F-59AD-459B-86F6-7B93B70374F5}.Debug|x64.ActiveCfg = Debug|x64
		{CD6CDF0F-59AD-459B-86F6-7B93B70374F5}.Debug|x64.Build.0 = Debug|x64
		{CD6CDF0F-59AD-459B-86F6-7B93B70374F5}.Debug|x86.ActiveCfg = Debug|Win32
		{CD6CDF0F-59AD-459B-86F6-7B93B70374F5}.Debug|x86.Build.0 = Debug|Win32
		{CD6CDF0F-59AD-459B-86F6-7B93B70374F5}.Release|x64.ActiveCfg = Release|x64
		{CD6CDF0F-59AD-459B-86F6-7B93B70374F5}.Release|x64.Build.0 = Release|x64
		{CD6CDF0F-59AD-459B-86F6-7B93B70374F5}.Release|x86.ActiveCfg = Release|Win32
		{CD6CDF0F-59AD-459B-86F6-7B93B70374F5}.Release|x86.Build.0 = Release|Win32
		{99ACD13F-CD4A-42BC-9DF6-4B28C4BA951C}.Debug|x64.ActiveCfg = Debug|x64
		{99ACD13F-CD4A-42BC-9DF6-4B28C4BA951C}.Debug|x64.Build.0 = Debug|x64
		{99ACD13F-CD4A-42BC-9DF6-4B28C4BA951C}.Debug|x86.ActiveCfg = Debug|Win32
		{99ACD13F-CD4A-42BC-9DF6-4B28C4BA951C}.Debug|x86.Build.0 = Debug|Win32
		{99ACD13F-CD4A-42BC-9DF6-4B28C4BA951C}.Release|x64.ActiveCfg = Release|x64
		{99ACD13F-CD4A-42BC-9DF6-4B28C4BA951C}.Release|x64.Build.0 = Release|x64
		{99ACD13F-CD4A-42BC-9DF6-4B28C4BA951C}.Release|x86.ActiveCfg = Release|Win32
		{99ACD13F-CD4A-42BC-9DF6-4B28C4BA951C}.Release|x86.Build.0 = Release|Win32
	EndGlobalSection
	GlobalSection(SolutionProperties) = preSolution
		HideSolutionNode = FALSE
	EndGlobalSection
	GlobalSection(ExtensibilityGlobals) = postSolution
		SolutionGuid = {6E43AE49-AC8C-4F81-BA48-E49086CD0147}
	EndGlobalSection
EndGlobal
